
Microsoft Visual Studio Solution File, Format Version 12.00
# Visual Studio Version 17
VisualStudioVersion = 17.3.32825.248
MinimumVisualStudioVersion = 10.0.40219.1
Project("{FAE04EC0-301F-11D3-BF4B-00C04F79EFBC}") = "MIS3013_002_EX1", "MIS3013_002_EX1\MIS3013_002_EX1.csproj", "{23C39743-7885-48F8-ADDA-26D7B9C3786F}"
EndProject
Global
	GlobalSection(SolutionConfigurationPlatforms) = preSolution
		Debug|Any CPU = Debug|Any CPU
		Release|Any CPU = Release|Any CPU
	EndGlobalSection
	GlobalSection(ProjectConfigurationPlatforms) = postSolution
		{23C39743-7885-48F8-ADDA-26D7B9C3786F}.Debug|Any CPU.ActiveCfg = Debug|Any CPU
		{23C39743-7885-48F8-ADDA-26D7B9C3786F}.Debug|Any CPU.Build.0 = Debug|Any CPU
		{23C39743-7885-48F8-ADDA-26D7B9C3786F}.Release|Any CPU.ActiveCfg = Release|Any CPU
		{23C39743-7885-48F8-ADDA-26D7B9C3786F}.Release|Any CPU.Build.0 = Release|Any CPU
	EndGlobalSection
	GlobalSection(SolutionProperties) = preSolution
		HideSolutionNode = FALSE
	EndGlobalSection
	GlobalSection(ExtensibilityGlobals) = postSolution
		SolutionGuid = {588418DE-A924-4238-8192-19B2136C19E4}
	EndGlobalSection
EndGlobal
